
Microsoft Visual Studio Solution File, Format Version 12.00
# Visual Studio Version 17
VisualStudioVersion = 17.0.31903.59
MinimumVisualStudioVersion = 10.0.40219.1
Project("{2150E333-8FDC-42A3-9474-1A3956D46DE8}") = "Share", "Share", "{B1A4CF36-AEC4-4D7B-B6E9-91CB50CD28C8}"
EndProject
Project("{FAE04EC0-301F-11D3-BF4B-00C04F79EFBC}") = "Share.Data", "Share\Share.Data\Share.Data.csproj", "{E64E4F62-6F5B-49A3-9A44-669D565145F5}"
EndProject
Project("{FAE04EC0-301F-11D3-BF4B-00C04F79EFBC}") = "Share.Common", "Share\Share.Common\Share.Common.csproj", "{E7F672FA-D3D1-4A9F-9821-EA824EE9EEB8}"
EndProject
Project("{FAE04EC0-301F-11D3-BF4B-00C04F79EFBC}") = "Share.Contract", "Share\Share.Contract\Share.Contract.csproj", "{3FF77D9E-E44A-4ED3-9992-FD37FC16808B}"
EndProject
Project("{FAE04EC0-301F-11D3-BF4B-00C04F79EFBC}") = "Share.Business", "Share\Share.Business\Share.Business.csproj", "{317F8D60-C198-44C9-921F-EF0B66FD543A}"
EndProject
Project("{FAE04EC0-301F-11D3-BF4B-00C04F79EFBC}") = "Share.Host", "Share\Share.Host\Share.Host.csproj", "{C47ED626-4D5B-430E-B488-FCC8D5128B57}"
EndProject
Project("{2150E333-8FDC-42A3-9474-1A3956D46DE8}") = "Management", "Management", "{A9A5C86D-340B-4DC7-AE13-EAB349457BCE}"
EndProject
Project("{FAE04EC0-301F-11D3-BF4B-00C04F79EFBC}") = "Management.Host", "Management\Management.Host\Management.Host.csproj", "{4118B7D4-29AC-43D0-B877-84F9B8BAA188}"
EndProject
Project("{FAE04EC0-301F-11D3-BF4B-00C04F79EFBC}") = "Management.Data", "Management\Management.Data\Management.Data.csproj", "{12E09A76-284F-4B94-AF88-9987FD7CDED5}"
EndProject
Project("{FAE04EC0-301F-11D3-BF4B-00C04F79EFBC}") = "Management.Common", "Management\Management.Common\Management.Common.csproj", "{46274B8E-0B3F-4180-83E8-D6CD1F432CC4}"
EndProject
Project("{FAE04EC0-301F-11D3-BF4B-00C04F79EFBC}") = "Management.Business", "Management\Management.Business\Management.Business.csproj", "{A2F00450-4377-4B01-A5ED-42E78C6DC391}"
EndProject
Project("{FAE04EC0-301F-11D3-BF4B-00C04F79EFBC}") = "Management.Contract", "Management\Management.Contract\Management.Contract.csproj", "{0920D1B7-D96A-4E4B-B7C7-D610AE54F398}"
EndProject
Project("{2150E333-8FDC-42A3-9474-1A3956D46DE8}") = "Statistics", "Statistics", "{2136024A-AF1B-400D-B75B-8914B0621638}"
EndProject
Project("{FAE04EC0-301F-11D3-BF4B-00C04F79EFBC}") = "Statistics.Contract", "Statistics\Statistics.Contract\Statistics.Contract.csproj", "{D187A3B3-2043-4E25-981C-B454DC8AEC9B}"
EndProject
Project("{FAE04EC0-301F-11D3-BF4B-00C04F79EFBC}") = "Statistics.Common", "Statistics\Statistics.Common\Statistics.Common.csproj", "{D4DDC2A0-5B7B-4B60-96C1-6231BC437182}"
EndProject
Project("{FAE04EC0-301F-11D3-BF4B-00C04F79EFBC}") = "Statistics.Business", "Statistics\Statistics.Business\Statistics.Business.csproj", "{877A53EA-15E2-487A-A0CF-78D38AB82BCC}"
EndProject
Project("{FAE04EC0-301F-11D3-BF4B-00C04F79EFBC}") = "Statistics.Host", "Statistics\Statistics.Host\Statistics.Host.csproj", "{6CDF8683-67F7-4B28-AD3C-D1E8650F84FA}"
EndProject
Project("{FAE04EC0-301F-11D3-BF4B-00C04F79EFBC}") = "Statistics.Data", "Statistics\Statistics.Data\Statistics.Data.csproj", "{A108D96C-3120-41D3-88FB-AD0921E982A7}"
EndProject
Global
	GlobalSection(SolutionConfigurationPlatforms) = preSolution
		Debug|Any CPU = Debug|Any CPU
		Release|Any CPU = Release|Any CPU
	EndGlobalSection
	GlobalSection(SolutionProperties) = preSolution
		HideSolutionNode = FALSE
	EndGlobalSection
	GlobalSection(ProjectConfigurationPlatforms) = postSolution
		{E64E4F62-6F5B-49A3-9A44-669D565145F5}.Debug|Any CPU.ActiveCfg = Debug|Any CPU
		{E64E4F62-6F5B-49A3-9A44-669D565145F5}.Debug|Any CPU.Build.0 = Debug|Any CPU
		{E64E4F62-6F5B-49A3-9A44-669D565145F5}.Release|Any CPU.ActiveCfg = Release|Any CPU
		{E64E4F62-6F5B-49A3-9A44-669D565145F5}.Release|Any CPU.Build.0 = Release|Any CPU
		{E7F672FA-D3D1-4A9F-9821-EA824EE9EEB8}.Debug|Any CPU.ActiveCfg = Debug|Any CPU
		{E7F672FA-D3D1-4A9F-9821-EA824EE9EEB8}.Debug|Any CPU.Build.0 = Debug|Any CPU
		{E7F672FA-D3D1-4A9F-9821-EA824EE9EEB8}.Release|Any CPU.ActiveCfg = Release|Any CPU
		{E7F672FA-D3D1-4A9F-9821-EA824EE9EEB8}.Release|Any CPU.Build.0 = Release|Any CPU
		{3FF77D9E-E44A-4ED3-9992-FD37FC16808B}.Debug|Any CPU.ActiveCfg = Debug|Any CPU
		{3FF77D9E-E44A-4ED3-9992-FD37FC16808B}.Debug|Any CPU.Build.0 = Debug|Any CPU
		{3FF77D9E-E44A-4ED3-9992-FD37FC16808B}.Release|Any CPU.ActiveCfg = Release|Any CPU
		{3FF77D9E-E44A-4ED3-9992-FD37FC16808B}.Release|Any CPU.Build.0 = Release|Any CPU
		{317F8D60-C198-44C9-921F-EF0B66FD543A}.Debug|Any CPU.ActiveCfg = Debug|Any CPU
		{317F8D60-C198-44C9-921F-EF0B66FD543A}.Debug|Any CPU.Build.0 = Debug|Any CPU
		{317F8D60-C198-44C9-921F-EF0B66FD543A}.Release|Any CPU.ActiveCfg = Release|Any CPU
		{317F8D60-C198-44C9-921F-EF0B66FD543A}.Release|Any CPU.Build.0 = Release|Any CPU
		{C47ED626-4D5B-430E-B488-FCC8D5128B57}.Debug|Any CPU.ActiveCfg = Debug|Any CPU
		{C47ED626-4D5B-430E-B488-FCC8D5128B57}.Debug|Any CPU.Build.0 = Debug|Any CPU
		{C47ED626-4D5B-430E-B488-FCC8D5128B57}.Release|Any CPU.ActiveCfg = Release|Any CPU
		{C47ED626-4D5B-430E-B488-FCC8D5128B57}.Release|Any CPU.Build.0 = Release|Any CPU
		{4118B7D4-29AC-43D0-B877-84F9B8BAA188}.Debug|Any CPU.ActiveCfg = Debug|Any CPU
		{4118B7D4-29AC-43D0-B877-84F9B8BAA188}.Debug|Any CPU.Build.0 = Debug|Any CPU
		{4118B7D4-29AC-43D0-B877-84F9B8BAA188}.Release|Any CPU.ActiveCfg = Release|Any CPU
		{4118B7D4-29AC-43D0-B877-84F9B8BAA188}.Release|Any CPU.Build.0 = Release|Any CPU
		{12E09A76-284F-4B94-AF88-9987FD7CDED5}.Debug|Any CPU.ActiveCfg = Debug|Any CPU
		{12E09A76-284F-4B94-AF88-9987FD7CDED5}.Debug|Any CPU.Build.0 = Debug|Any CPU
		{12E09A76-284F-4B94-AF88-9987FD7CDED5}.Release|Any CPU.ActiveCfg = Release|Any CPU
		{12E09A76-284F-4B94-AF88-9987FD7CDED5}.Release|Any CPU.Build.0 = Release|Any CPU
		{46274B8E-0B3F-4180-83E8-D6CD1F432CC4}.Debug|Any CPU.ActiveCfg = Debug|Any CPU
		{46274B8E-0B3F-4180-83E8-D6CD1F432CC4}.Debug|Any CPU.Build.0 = Debug|Any CPU
		{46274B8E-0B3F-4180-83E8-D6CD1F432CC4}.Release|Any CPU.ActiveCfg = Release|Any CPU
		{46274B8E-0B3F-4180-83E8-D6CD1F432CC4}.Release|Any CPU.Build.0 = Release|Any CPU
		{A2F00450-4377-4B01-A5ED-42E78C6DC391}.Debug|Any CPU.ActiveCfg = Debug|Any CPU
		{A2F00450-4377-4B01-A5ED-42E78C6DC391}.Debug|Any CPU.Build.0 = Debug|Any CPU
		{A2F00450-4377-4B01-A5ED-42E78C6DC391}.Release|Any CPU.ActiveCfg = Release|Any CPU
		{A2F00450-4377-4B01-A5ED-42E78C6DC391}.Release|Any CPU.Build.0 = Release|Any CPU
		{0920D1B7-D96A-4E4B-B7C7-D610AE54F398}.Debug|Any CPU.ActiveCfg = Debug|Any CPU
		{0920D1B7-D96A-4E4B-B7C7-D610AE54F398}.Debug|Any CPU.Build.0 = Debug|Any CPU
		{0920D1B7-D96A-4E4B-B7C7-D610AE54F398}.Release|Any CPU.ActiveCfg = Release|Any CPU
		{0920D1B7-D96A-4E4B-B7C7-D610AE54F398}.Release|Any CPU.Build.0 = Release|Any CPU
		{D187A3B3-2043-4E25-981C-B454DC8AEC9B}.Debug|Any CPU.ActiveCfg = Debug|Any CPU
		{D187A3B3-2043-4E25-981C-B454DC8AEC9B}.Debug|Any CPU.Build.0 = Debug|Any CPU
		{D187A3B3-2043-4E25-981C-B454DC8AEC9B}.Release|Any CPU.ActiveCfg = Release|Any CPU
		{D187A3B3-2043-4E25-981C-B454DC8AEC9B}.Release|Any CPU.Build.0 = Release|Any CPU
		{D4DDC2A0-5B7B-4B60-96C1-6231BC437182}.Debug|Any CPU.ActiveCfg = Debug|Any CPU
		{D4DDC2A0-5B7B-4B60-96C1-6231BC437182}.Debug|Any CPU.Build.0 = Debug|Any CPU
		{D4DDC2A0-5B7B-4B60-96C1-6231BC437182}.Release|Any CPU.ActiveCfg = Release|Any CPU
		{D4DDC2A0-5B7B-4B60-96C1-6231BC437182}.Release|Any CPU.Build.0 = Release|Any CPU
		{877A53EA-15E2-487A-A0CF-78D38AB82BCC}.Debug|Any CPU.ActiveCfg = Debug|Any CPU
		{877A53EA-15E2-487A-A0CF-78D38AB82BCC}.Debug|Any CPU.Build.0 = Debug|Any CPU
		{877A53EA-15E2-487A-A0CF-78D38AB82BCC}.Release|Any CPU.ActiveCfg = Release|Any CPU
		{877A53EA-15E2-487A-A0CF-78D38AB82BCC}.Release|Any CPU.Build.0 = Release|Any CPU
		{6CDF8683-67F7-4B28-AD3C-D1E8650F84FA}.Debug|Any CPU.ActiveCfg = Debug|Any CPU
		{6CDF8683-67F7-4B28-AD3C-D1E8650F84FA}.Debug|Any CPU.Build.0 = Debug|Any CPU
		{6CDF8683-67F7-4B28-AD3C-D1E8650F84FA}.Release|Any CPU.ActiveCfg = Release|Any CPU
		{6CDF8683-67F7-4B28-AD3C-D1E8650F84FA}.Release|Any CPU.Build.0 = Release|Any CPU
		{A108D96C-3120-41D3-88FB-AD0921E982A7}.Debug|Any CPU.ActiveCfg = Debug|Any CPU
		{A108D96C-3120-41D3-88FB-AD0921E982A7}.Debug|Any CPU.Build.0 = Debug|Any CPU
		{A108D96C-3120-41D3-88FB-AD0921E982A7}.Release|Any CPU.ActiveCfg = Release|Any CPU
		{A108D96C-3120-41D3-88FB-AD0921E982A7}.Release|Any CPU.Build.0 = Release|Any CPU
	EndGlobalSection
	GlobalSection(NestedProjects) = preSolution
		{E64E4F62-6F5B-49A3-9A44-669D565145F5} = {B1A4CF36-AEC4-4D7B-B6E9-91CB50CD28C8}
		{E7F672FA-D3D1-4A9F-9821-EA824EE9EEB8} = {B1A4CF36-AEC4-4D7B-B6E9-91CB50CD28C8}
		{3FF77D9E-E44A-4ED3-9992-FD37FC16808B} = {B1A4CF36-AEC4-4D7B-B6E9-91CB50CD28C8}
		{317F8D60-C198-44C9-921F-EF0B66FD543A} = {B1A4CF36-AEC4-4D7B-B6E9-91CB50CD28C8}
		{C47ED626-4D5B-430E-B488-FCC8D5128B57} = {B1A4CF36-AEC4-4D7B-B6E9-91CB50CD28C8}
		{4118B7D4-29AC-43D0-B877-84F9B8BAA188} = {A9A5C86D-340B-4DC7-AE13-EAB349457BCE}
		{12E09A76-284F-4B94-AF88-9987FD7CDED5} = {A9A5C86D-340B-4DC7-AE13-EAB349457BCE}
		{46274B8E-0B3F-4180-83E8-D6CD1F432CC4} = {A9A5C86D-340B-4DC7-AE13-EAB349457BCE}
		{A2F00450-4377-4B01-A5ED-42E78C6DC391} = {A9A5C86D-340B-4DC7-AE13-EAB349457BCE}
		{0920D1B7-D96A-4E4B-B7C7-D610AE54F398} = {A9A5C86D-340B-4DC7-AE13-EAB349457BCE}
		{D187A3B3-2043-4E25-981C-B454DC8AEC9B} = {2136024A-AF1B-400D-B75B-8914B0621638}
		{D4DDC2A0-5B7B-4B60-96C1-6231BC437182} = {2136024A-AF1B-400D-B75B-8914B0621638}
		{877A53EA-15E2-487A-A0CF-78D38AB82BCC} = {2136024A-AF1B-400D-B75B-8914B0621638}
		{6CDF8683-67F7-4B28-AD3C-D1E8650F84FA} = {2136024A-AF1B-400D-B75B-8914B0621638}
		{A108D96C-3120-41D3-88FB-AD0921E982A7} = {2136024A-AF1B-400D-B75B-8914B0621638}
	EndGlobalSection
EndGlobal
