
Microsoft Visual Studio Solution File, Format Version 12.00
# Visual Studio Version 17
VisualStudioVersion = 17.0.31903.59
MinimumVisualStudioVersion = 10.0.40219.1
Project("{2150E333-8FDC-42A3-9474-1A3956D46DE8}") = "Zenit.Share", "Zenit.Share", "{4FA797D6-45CB-4557-B65B-F37956E0B089}"
EndProject
Project("{FAE04EC0-301F-11D3-BF4B-00C04F79EFBC}") = "Zenit.Share.Business", "Zenit.Share\Zenit.Share.Business\Zenit.Share.Business.csproj", "{6E0F84B3-F4E8-461C-AEB9-0869501D567D}"
EndProject
Project("{FAE04EC0-301F-11D3-BF4B-00C04F79EFBC}") = "Zenit.Share.Data", "Zenit.Share\Zenit.Share.Data\Zenit.Share.Data.csproj", "{96BFC0A6-F163-4FDE-8DCB-95A71F9FD63C}"
EndProject
Project("{FAE04EC0-301F-11D3-BF4B-00C04F79EFBC}") = "Zenit.Share.Common", "Zenit.Share\Zenit.Share.Common\Zenit.Share.Common.csproj", "{76E948F6-03F4-450B-8AD2-59D66EFB68F7}"
EndProject
Project("{FAE04EC0-301F-11D3-BF4B-00C04F79EFBC}") = "Zenit.Share.Migrator", "Zenit.Share\Zenit.Share.Migrator\Zenit.Share.Migrator.csproj", "{BBD3ACB0-C7C0-49FB-B2D1-EDF86A27A0EA}"
EndProject
Project("{FAE04EC0-301F-11D3-BF4B-00C04F79EFBC}") = "Zenit.Share.Contract", "Zenit.Share\Zenit.Share.Contract\Zenit.Share.Contract.csproj", "{1DA10AAF-5F0B-4888-A06A-248D66BD164E}"
EndProject
Project("{FAE04EC0-301F-11D3-BF4B-00C04F79EFBC}") = "Zenit.Share.Host", "Zenit.Share\Zenit.Share.Host\Zenit.Share.Host.csproj", "{3E2362B2-B41E-421C-988C-96C36F5A7EB2}"
EndProject
Project("{2150E333-8FDC-42A3-9474-1A3956D46DE8}") = "Zenit.Accounts", "Zenit.Accounts", "{5E992A0B-D209-4BC6-BABE-83110D270FB6}"
EndProject
Project("{FAE04EC0-301F-11D3-BF4B-00C04F79EFBC}") = "Zenit.Accounts.Host", "Zenit.Accounts\Zenit.Accounts.Host\Zenit.Accounts.Host.csproj", "{C7202061-1827-420F-8F69-49485D154284}"
EndProject
Project("{FAE04EC0-301F-11D3-BF4B-00C04F79EFBC}") = "Zenit.Accounts.Business", "Zenit.Accounts\Zenit.Accounts.Business\Zenit.Accounts.Business.csproj", "{C240E9A0-2EA1-4400-A2AF-4D6106614AA0}"
EndProject
Project("{FAE04EC0-301F-11D3-BF4B-00C04F79EFBC}") = "Zenit.Accounts.Common", "Zenit.Accounts\Zenit.Accounts.Common\Zenit.Accounts.Common.csproj", "{E78142AC-60C6-4F85-BCC9-82A991656669}"
EndProject
Project("{FAE04EC0-301F-11D3-BF4B-00C04F79EFBC}") = "Zenit.Accounts.Contract", "Zenit.Accounts\Zenit.Accounts.Contract\Zenit.Accounts.Contract.csproj", "{4F8E7FEF-974F-43AC-A48A-9F88B8CA929E}"
EndProject
Project("{FAE04EC0-301F-11D3-BF4B-00C04F79EFBC}") = "Zenit.Accounts.Data", "Zenit.Accounts\Zenit.Accounts.Data\Zenit.Accounts.Data.csproj", "{2996E81E-0A75-40B2-AFAB-D6FD2FD148A8}"
EndProject
Project("{FAE04EC0-301F-11D3-BF4B-00C04F79EFBC}") = "Zenit.Accounts.Migrator", "Zenit.Accounts\Zenit.Accounts.Migrator\Zenit.Accounts.Migrator.csproj", "{8692EAB0-BD3E-4A6D-A9F0-02219FCE60EE}"
EndProject
Project("{2150E333-8FDC-42A3-9474-1A3956D46DE8}") = "Zenit.Management", "Zenit.Management", "{B3C17DA8-24DC-489B-A07A-076D5E593A10}"
EndProject
Project("{FAE04EC0-301F-11D3-BF4B-00C04F79EFBC}") = "Zenit.Management.Host", "Zenit.Management\Zenit.Management.Host\Zenit.Management.Host.csproj", "{39CE8CCE-F250-4B2B-B165-00F5E58C6F00}"
EndProject
Project("{FAE04EC0-301F-11D3-BF4B-00C04F79EFBC}") = "Zenit.Management.Common", "Zenit.Management\Zenit.Management.Common\Zenit.Management.Common.csproj", "{E2A0D6FA-B166-4907-A8EE-FE2A295A89D6}"
EndProject
Project("{FAE04EC0-301F-11D3-BF4B-00C04F79EFBC}") = "Zenit.Management.Contract", "Zenit.Management\Zenit.Management.Contract\Zenit.Management.Contract.csproj", "{F5B0DAEB-D082-4F0C-9A34-A1015A36C0A5}"
EndProject
Project("{FAE04EC0-301F-11D3-BF4B-00C04F79EFBC}") = "Zenit.Management.Data", "Zenit.Management\Zenit.Management.Data\Zenit.Management.Data.csproj", "{CE5DC3F9-B5F6-4521-8386-D81A6D971574}"
EndProject
Project("{FAE04EC0-301F-11D3-BF4B-00C04F79EFBC}") = "Zenit.Management.Migrator", "Zenit.Management\Zenit.Management.Migrator\Zenit.Management.Migrator.csproj", "{77CCD566-56C3-4828-BECA-A4B00BAA513D}"
EndProject
Project("{FAE04EC0-301F-11D3-BF4B-00C04F79EFBC}") = "Zenit.Management.Business", "Zenit.Management\Zenit.Management.Business\Zenit.Management.Business.csproj", "{76AF7F47-A1B8-4858-9ECB-FA674BF14F67}"
EndProject
Global
	GlobalSection(SolutionConfigurationPlatforms) = preSolution
		Debug|Any CPU = Debug|Any CPU
		Release|Any CPU = Release|Any CPU
	EndGlobalSection
	GlobalSection(SolutionProperties) = preSolution
		HideSolutionNode = FALSE
	EndGlobalSection
	GlobalSection(ProjectConfigurationPlatforms) = postSolution
		{6E0F84B3-F4E8-461C-AEB9-0869501D567D}.Debug|Any CPU.ActiveCfg = Debug|Any CPU
		{6E0F84B3-F4E8-461C-AEB9-0869501D567D}.Debug|Any CPU.Build.0 = Debug|Any CPU
		{6E0F84B3-F4E8-461C-AEB9-0869501D567D}.Release|Any CPU.ActiveCfg = Release|Any CPU
		{6E0F84B3-F4E8-461C-AEB9-0869501D567D}.Release|Any CPU.Build.0 = Release|Any CPU
		{96BFC0A6-F163-4FDE-8DCB-95A71F9FD63C}.Debug|Any CPU.ActiveCfg = Debug|Any CPU
		{96BFC0A6-F163-4FDE-8DCB-95A71F9FD63C}.Debug|Any CPU.Build.0 = Debug|Any CPU
		{96BFC0A6-F163-4FDE-8DCB-95A71F9FD63C}.Release|Any CPU.ActiveCfg = Release|Any CPU
		{96BFC0A6-F163-4FDE-8DCB-95A71F9FD63C}.Release|Any CPU.Build.0 = Release|Any CPU
		{76E948F6-03F4-450B-8AD2-59D66EFB68F7}.Debug|Any CPU.ActiveCfg = Debug|Any CPU
		{76E948F6-03F4-450B-8AD2-59D66EFB68F7}.Debug|Any CPU.Build.0 = Debug|Any CPU
		{76E948F6-03F4-450B-8AD2-59D66EFB68F7}.Release|Any CPU.ActiveCfg = Release|Any CPU
		{76E948F6-03F4-450B-8AD2-59D66EFB68F7}.Release|Any CPU.Build.0 = Release|Any CPU
		{BBD3ACB0-C7C0-49FB-B2D1-EDF86A27A0EA}.Debug|Any CPU.ActiveCfg = Debug|Any CPU
		{BBD3ACB0-C7C0-49FB-B2D1-EDF86A27A0EA}.Debug|Any CPU.Build.0 = Debug|Any CPU
		{BBD3ACB0-C7C0-49FB-B2D1-EDF86A27A0EA}.Release|Any CPU.ActiveCfg = Release|Any CPU
		{BBD3ACB0-C7C0-49FB-B2D1-EDF86A27A0EA}.Release|Any CPU.Build.0 = Release|Any CPU
		{1DA10AAF-5F0B-4888-A06A-248D66BD164E}.Debug|Any CPU.ActiveCfg = Debug|Any CPU
		{1DA10AAF-5F0B-4888-A06A-248D66BD164E}.Debug|Any CPU.Build.0 = Debug|Any CPU
		{1DA10AAF-5F0B-4888-A06A-248D66BD164E}.Release|Any CPU.ActiveCfg = Release|Any CPU
		{1DA10AAF-5F0B-4888-A06A-248D66BD164E}.Release|Any CPU.Build.0 = Release|Any CPU
		{3E2362B2-B41E-421C-988C-96C36F5A7EB2}.Debug|Any CPU.ActiveCfg = Debug|Any CPU
		{3E2362B2-B41E-421C-988C-96C36F5A7EB2}.Debug|Any CPU.Build.0 = Debug|Any CPU
		{3E2362B2-B41E-421C-988C-96C36F5A7EB2}.Release|Any CPU.ActiveCfg = Release|Any CPU
		{3E2362B2-B41E-421C-988C-96C36F5A7EB2}.Release|Any CPU.Build.0 = Release|Any CPU
		{C7202061-1827-420F-8F69-49485D154284}.Debug|Any CPU.ActiveCfg = Debug|Any CPU
		{C7202061-1827-420F-8F69-49485D154284}.Debug|Any CPU.Build.0 = Debug|Any CPU
		{C7202061-1827-420F-8F69-49485D154284}.Release|Any CPU.ActiveCfg = Release|Any CPU
		{C7202061-1827-420F-8F69-49485D154284}.Release|Any CPU.Build.0 = Release|Any CPU
		{C240E9A0-2EA1-4400-A2AF-4D6106614AA0}.Debug|Any CPU.ActiveCfg = Debug|Any CPU
		{C240E9A0-2EA1-4400-A2AF-4D6106614AA0}.Debug|Any CPU.Build.0 = Debug|Any CPU
		{C240E9A0-2EA1-4400-A2AF-4D6106614AA0}.Release|Any CPU.ActiveCfg = Release|Any CPU
		{C240E9A0-2EA1-4400-A2AF-4D6106614AA0}.Release|Any CPU.Build.0 = Release|Any CPU
		{E78142AC-60C6-4F85-BCC9-82A991656669}.Debug|Any CPU.ActiveCfg = Debug|Any CPU
		{E78142AC-60C6-4F85-BCC9-82A991656669}.Debug|Any CPU.Build.0 = Debug|Any CPU
		{E78142AC-60C6-4F85-BCC9-82A991656669}.Release|Any CPU.ActiveCfg = Release|Any CPU
		{E78142AC-60C6-4F85-BCC9-82A991656669}.Release|Any CPU.Build.0 = Release|Any CPU
		{4F8E7FEF-974F-43AC-A48A-9F88B8CA929E}.Debug|Any CPU.ActiveCfg = Debug|Any CPU
		{4F8E7FEF-974F-43AC-A48A-9F88B8CA929E}.Debug|Any CPU.Build.0 = Debug|Any CPU
		{4F8E7FEF-974F-43AC-A48A-9F88B8CA929E}.Release|Any CPU.ActiveCfg = Release|Any CPU
		{4F8E7FEF-974F-43AC-A48A-9F88B8CA929E}.Release|Any CPU.Build.0 = Release|Any CPU
		{2996E81E-0A75-40B2-AFAB-D6FD2FD148A8}.Debug|Any CPU.ActiveCfg = Debug|Any CPU
		{2996E81E-0A75-40B2-AFAB-D6FD2FD148A8}.Debug|Any CPU.Build.0 = Debug|Any CPU
		{2996E81E-0A75-40B2-AFAB-D6FD2FD148A8}.Release|Any CPU.ActiveCfg = Release|Any CPU
		{2996E81E-0A75-40B2-AFAB-D6FD2FD148A8}.Release|Any CPU.Build.0 = Release|Any CPU
		{8692EAB0-BD3E-4A6D-A9F0-02219FCE60EE}.Debug|Any CPU.ActiveCfg = Debug|Any CPU
		{8692EAB0-BD3E-4A6D-A9F0-02219FCE60EE}.Debug|Any CPU.Build.0 = Debug|Any CPU
		{8692EAB0-BD3E-4A6D-A9F0-02219FCE60EE}.Release|Any CPU.ActiveCfg = Release|Any CPU
		{8692EAB0-BD3E-4A6D-A9F0-02219FCE60EE}.Release|Any CPU.Build.0 = Release|Any CPU
		{39CE8CCE-F250-4B2B-B165-00F5E58C6F00}.Debug|Any CPU.ActiveCfg = Debug|Any CPU
		{39CE8CCE-F250-4B2B-B165-00F5E58C6F00}.Debug|Any CPU.Build.0 = Debug|Any CPU
		{39CE8CCE-F250-4B2B-B165-00F5E58C6F00}.Release|Any CPU.ActiveCfg = Release|Any CPU
		{39CE8CCE-F250-4B2B-B165-00F5E58C6F00}.Release|Any CPU.Build.0 = Release|Any CPU
		{E2A0D6FA-B166-4907-A8EE-FE2A295A89D6}.Debug|Any CPU.ActiveCfg = Debug|Any CPU
		{E2A0D6FA-B166-4907-A8EE-FE2A295A89D6}.Debug|Any CPU.Build.0 = Debug|Any CPU
		{E2A0D6FA-B166-4907-A8EE-FE2A295A89D6}.Release|Any CPU.ActiveCfg = Release|Any CPU
		{E2A0D6FA-B166-4907-A8EE-FE2A295A89D6}.Release|Any CPU.Build.0 = Release|Any CPU
		{F5B0DAEB-D082-4F0C-9A34-A1015A36C0A5}.Debug|Any CPU.ActiveCfg = Debug|Any CPU
		{F5B0DAEB-D082-4F0C-9A34-A1015A36C0A5}.Debug|Any CPU.Build.0 = Debug|Any CPU
		{F5B0DAEB-D082-4F0C-9A34-A1015A36C0A5}.Release|Any CPU.ActiveCfg = Release|Any CPU
		{F5B0DAEB-D082-4F0C-9A34-A1015A36C0A5}.Release|Any CPU.Build.0 = Release|Any CPU
		{CE5DC3F9-B5F6-4521-8386-D81A6D971574}.Debug|Any CPU.ActiveCfg = Debug|Any CPU
		{CE5DC3F9-B5F6-4521-8386-D81A6D971574}.Debug|Any CPU.Build.0 = Debug|Any CPU
		{CE5DC3F9-B5F6-4521-8386-D81A6D971574}.Release|Any CPU.ActiveCfg = Release|Any CPU
		{CE5DC3F9-B5F6-4521-8386-D81A6D971574}.Release|Any CPU.Build.0 = Release|Any CPU
		{77CCD566-56C3-4828-BECA-A4B00BAA513D}.Debug|Any CPU.ActiveCfg = Debug|Any CPU
		{77CCD566-56C3-4828-BECA-A4B00BAA513D}.Debug|Any CPU.Build.0 = Debug|Any CPU
		{77CCD566-56C3-4828-BECA-A4B00BAA513D}.Release|Any CPU.ActiveCfg = Release|Any CPU
		{77CCD566-56C3-4828-BECA-A4B00BAA513D}.Release|Any CPU.Build.0 = Release|Any CPU
		{76AF7F47-A1B8-4858-9ECB-FA674BF14F67}.Debug|Any CPU.ActiveCfg = Debug|Any CPU
		{76AF7F47-A1B8-4858-9ECB-FA674BF14F67}.Debug|Any CPU.Build.0 = Debug|Any CPU
		{76AF7F47-A1B8-4858-9ECB-FA674BF14F67}.Release|Any CPU.ActiveCfg = Release|Any CPU
		{76AF7F47-A1B8-4858-9ECB-FA674BF14F67}.Release|Any CPU.Build.0 = Release|Any CPU
	EndGlobalSection
	GlobalSection(NestedProjects) = preSolution
		{6E0F84B3-F4E8-461C-AEB9-0869501D567D} = {4FA797D6-45CB-4557-B65B-F37956E0B089}
		{96BFC0A6-F163-4FDE-8DCB-95A71F9FD63C} = {4FA797D6-45CB-4557-B65B-F37956E0B089}
		{76E948F6-03F4-450B-8AD2-59D66EFB68F7} = {4FA797D6-45CB-4557-B65B-F37956E0B089}
		{BBD3ACB0-C7C0-49FB-B2D1-EDF86A27A0EA} = {4FA797D6-45CB-4557-B65B-F37956E0B089}
		{1DA10AAF-5F0B-4888-A06A-248D66BD164E} = {4FA797D6-45CB-4557-B65B-F37956E0B089}
		{3E2362B2-B41E-421C-988C-96C36F5A7EB2} = {4FA797D6-45CB-4557-B65B-F37956E0B089}
		{C7202061-1827-420F-8F69-49485D154284} = {5E992A0B-D209-4BC6-BABE-83110D270FB6}
		{C240E9A0-2EA1-4400-A2AF-4D6106614AA0} = {5E992A0B-D209-4BC6-BABE-83110D270FB6}
		{E78142AC-60C6-4F85-BCC9-82A991656669} = {5E992A0B-D209-4BC6-BABE-83110D270FB6}
		{4F8E7FEF-974F-43AC-A48A-9F88B8CA929E} = {5E992A0B-D209-4BC6-BABE-83110D270FB6}
		{2996E81E-0A75-40B2-AFAB-D6FD2FD148A8} = {5E992A0B-D209-4BC6-BABE-83110D270FB6}
		{8692EAB0-BD3E-4A6D-A9F0-02219FCE60EE} = {5E992A0B-D209-4BC6-BABE-83110D270FB6}
		{39CE8CCE-F250-4B2B-B165-00F5E58C6F00} = {B3C17DA8-24DC-489B-A07A-076D5E593A10}
		{E2A0D6FA-B166-4907-A8EE-FE2A295A89D6} = {B3C17DA8-24DC-489B-A07A-076D5E593A10}
		{F5B0DAEB-D082-4F0C-9A34-A1015A36C0A5} = {B3C17DA8-24DC-489B-A07A-076D5E593A10}
		{CE5DC3F9-B5F6-4521-8386-D81A6D971574} = {B3C17DA8-24DC-489B-A07A-076D5E593A10}
		{77CCD566-56C3-4828-BECA-A4B00BAA513D} = {B3C17DA8-24DC-489B-A07A-076D5E593A10}
		{76AF7F47-A1B8-4858-9ECB-FA674BF14F67} = {B3C17DA8-24DC-489B-A07A-076D5E593A10}
	EndGlobalSection
EndGlobal
